<?xml version="1.0" encoding="utf-8"?>
<Project ToolsVersion="4.0" xmlns="http://schemas.microsoft.com/developer/msbuild/2003">
  <ItemGroup>
    <Filter Include="jni">
      <UniqueIdentifier>c7cda705-f0a0-40d1-80f5-8c6f2e9eb5e0</UniqueIdentifier>
    </Filter>
    <Filter Include="res">
      <UniqueIdentifier>4adff5fb-67c3-4075-a8ed-61e06c15ae2d</UniqueIdentifier>
    </Filter>
    <Filter Include="src">
      <UniqueIdentifier>889df272-27a5-467e-bf48-c782595c6ecd</UniqueIdentifier>
    </Filter>
    <Filter Include="res\values">
      <UniqueIdentifier>01acebaf-ca77-41be-a8ea-4bb60e2a16bc</UniqueIdentifier>
    </Filter>
    <Filter Include="src\org">
      <UniqueIdentifier>f8442267-c8b0-43b9-8cfc-a8edde560c0c</UniqueIdentifier>
    </Filter>
    <Filter Include="src\org\libsdl">
      <UniqueIdentifier>2af088c8-2ba2-42ec-8505-418ef5ed0a4e</UniqueIdentifier>
    </Filter>
    <Filter Include="src\org\libsdl\app">
      <UniqueIdentifier>a24a7af2-1c67-4e46-8ca7-506cb4d55fc4</UniqueIdentifier>
    </Filter>
  </ItemGroup>
  <ItemGroup>
    <AndroidBuild Include="AndroidManifest.xml" />
    <AndroidBuild Include="res\values\strings.xml">
      <Filter>res\values</Filter>
    </AndroidBuild>
  </ItemGroup>
  <ItemGroup>
    <ClCompile Include="jni\SDL_android_main.c">
      <Filter>jni</Filter>
    </ClCompile>
    <ClCompile Include="jni\SDL_main.cpp">
      <Filter>jni</Filter>
    </ClCompile>
  </ItemGroup>
  <ItemGroup>
    <JCompile Include="src\org\libsdl\app\SDLActivity.java">
      <Filter>src\org\libsdl\app</Filter>
    </JCompile>
  </ItemGroup>
</Project>